
Microsoft Visual Studio Solution File, Format Version 12.00
# Visual Studio Version 17
VisualStudioVersion = 17.5.002.0
MinimumVisualStudioVersion = 10.0.40219.1
Project("{9A19103F-16F7-4668-BE54-9A1E7A4F7556}") = "automatizasistemas", "automatizasistemas.csproj", "{3D25D723-2FD3-403A-BADE-B65CBC5101CE}"
EndProject
Global
	GlobalSection(SolutionConfigurationPlatforms) = preSolution
		Debug|Any CPU = Debug|Any CPU
		Release|Any CPU = Release|Any CPU
	EndGlobalSection
	GlobalSection(ProjectConfigurationPlatforms) = postSolution
		{3D25D723-2FD3-403A-BADE-B65CBC5101CE}.Debug|Any CPU.ActiveCfg = Debug|Any CPU
		{3D25D723-2FD3-403A-BADE-B65CBC5101CE}.Debug|Any CPU.Build.0 = Debug|Any CPU
		{3D25D723-2FD3-403A-BADE-B65CBC5101CE}.Release|Any CPU.ActiveCfg = Release|Any CPU
		{3D25D723-2FD3-403A-BADE-B65CBC5101CE}.Release|Any CPU.Build.0 = Release|Any CPU
	EndGlobalSection
	GlobalSection(SolutionProperties) = preSolution
		HideSolutionNode = FALSE
	EndGlobalSection
	GlobalSection(ExtensibilityGlobals) = postSolution
		SolutionGuid = {0D847396-F73A-4A2E-ABBC-DB6F503A6A43}
	EndGlobalSection
EndGlobal
